
Microsoft Visual Studio Solution File, Format Version 12.00
# Visual Studio Version 17
VisualStudioVersion = 17.6.33815.320
MinimumVisualStudioVersion = 10.0.40219.1
Project("{FAE04EC0-301F-11D3-BF4B-00C04F79EFBC}") = "BasicAuthWasm.Server", "BasicAuthWasm\Server\BasicAuthWasm.Server.csproj", "{84AC24C2-9EEA-4511-B151-4E8AC2D02E8F}"
EndProject
Project("{FAE04EC0-301F-11D3-BF4B-00C04F79EFBC}") = "BasicAuthWasm.Client", "BasicAuthWasm\Client\BasicAuthWasm.Client.csproj", "{35812A70-AA42-440F-A168-D740BB91FEEE}"
EndProject
Project("{FAE04EC0-301F-11D3-BF4B-00C04F79EFBC}") = "BasicAuthWasm.Shared", "BasicAuthWasm\Shared\BasicAuthWasm.Shared.csproj", "{7C290607-1871-4385-8E23-B8926A8D0F82}"
EndProject
Global
	GlobalSection(SolutionConfigurationPlatforms) = preSolution
		Debug|Any CPU = Debug|Any CPU
		Release|Any CPU = Release|Any CPU
	EndGlobalSection
	GlobalSection(ProjectConfigurationPlatforms) = postSolution
		{84AC24C2-9EEA-4511-B151-4E8AC2D02E8F}.Debug|Any CPU.ActiveCfg = Debug|Any CPU
		{84AC24C2-9EEA-4511-B151-4E8AC2D02E8F}.Debug|Any CPU.Build.0 = Debug|Any CPU
		{84AC24C2-9EEA-4511-B151-4E8AC2D02E8F}.Release|Any CPU.ActiveCfg = Release|Any CPU
		{84AC24C2-9EEA-4511-B151-4E8AC2D02E8F}.Release|Any CPU.Build.0 = Release|Any CPU
		{35812A70-AA42-440F-A168-D740BB91FEEE}.Debug|Any CPU.ActiveCfg = Debug|Any CPU
		{35812A70-AA42-440F-A168-D740BB91FEEE}.Debug|Any CPU.Build.0 = Debug|Any CPU
		{35812A70-AA42-440F-A168-D740BB91FEEE}.Release|Any CPU.ActiveCfg = Release|Any CPU
		{35812A70-AA42-440F-A168-D740BB91FEEE}.Release|Any CPU.Build.0 = Release|Any CPU
		{7C290607-1871-4385-8E23-B8926A8D0F82}.Debug|Any CPU.ActiveCfg = Debug|Any CPU
		{7C290607-1871-4385-8E23-B8926A8D0F82}.Debug|Any CPU.Build.0 = Debug|Any CPU
		{7C290607-1871-4385-8E23-B8926A8D0F82}.Release|Any CPU.ActiveCfg = Release|Any CPU
		{7C290607-1871-4385-8E23-B8926A8D0F82}.Release|Any CPU.Build.0 = Release|Any CPU
	EndGlobalSection
	GlobalSection(SolutionProperties) = preSolution
		HideSolutionNode = FALSE
	EndGlobalSection
	GlobalSection(ExtensibilityGlobals) = postSolution
		SolutionGuid = {E2AE82C0-608E-4D44-8686-7383D43DEA53}
	EndGlobalSection
EndGlobal
